
Microsoft Visual Studio Solution File, Format Version 12.00
# Visual Studio Version 17
VisualStudioVersion = 17.9.34723.18
MinimumVisualStudioVersion = 10.0.40219.1
Project("{9A19103F-16F7-4668-BE54-9A1E7A4F7556}") = "Hexa_HubTests", "Hexa_HubTests.csproj", "{1C548DCD-F193-4128-BAF1-98B487A2D3CD}"
EndProject
Global
	GlobalSection(SolutionConfigurationPlatforms) = preSolution
		Debug|Any CPU = Debug|Any CPU
		Release|Any CPU = Release|Any CPU
	EndGlobalSection
	GlobalSection(ProjectConfigurationPlatforms) = postSolution
		{1C548DCD-F193-4128-BAF1-98B487A2D3CD}.Debug|Any CPU.ActiveCfg = Debug|Any CPU
		{1C548DCD-F193-4128-BAF1-98B487A2D3CD}.Debug|Any CPU.Build.0 = Debug|Any CPU
		{1C548DCD-F193-4128-BAF1-98B487A2D3CD}.Release|Any CPU.ActiveCfg = Release|Any CPU
		{1C548DCD-F193-4128-BAF1-98B487A2D3CD}.Release|Any CPU.Build.0 = Release|Any CPU
	EndGlobalSection
	GlobalSection(SolutionProperties) = preSolution
		HideSolutionNode = FALSE
	EndGlobalSection
	GlobalSection(ExtensibilityGlobals) = postSolution
		SolutionGuid = {A23ADDE2-F29B-4BEB-9564-BF5551406D7E}
	EndGlobalSection
EndGlobal
